{
  "version": 1,
  "dependencies": {
    "net8.0": {
      "OrchardCore.Module.Targets": {
        "type": "Direct",
        "requested": "[2.1.7, )",
        "resolved": "2.1.7",
        "contentHash": "/kggoTnOUms/YTG/dFQVOScAFXCbpWwlI4ndYI7T3OFvPGkUAVCrKes5ZsXPwDACp8XEeup6yk+xiyBL+B1uwA==",
        "dependencies": {
          "JsonPath.Net": "1.1.6",
          "Microsoft.IO.RecyclableMemoryStream": "3.0.1",
          "OrchardCore.Abstractions": "2.1.7",
          "ZString": "2.6.0"
        }
      },
      "Json.More.Net": {
        "type": "Transitive",
        "resolved": "2.0.2",
        "contentHash": "izscdjjk8EAHDBCjyz7V7n77SzkrSjh/hUGV6cyR6PlVdjYDh5ohc8yqvwSqJ9+6Uof8W6B24dIHlDKD+I1F8A=="
      },
      "JsonPath.Net": {
        "type": "Transitive",
        "resolved": "1.1.6",
        "contentHash": "FQLbFJdjIa70GdYGR3RpdGkLTMZwQCqcd8gC35yx6aGofVEP3QxMvSuXHn75N30jj9SS6yvsPPTDzJmPMt/Mdw==",
        "dependencies": {
          "Json.More.Net": "2.0.2"
        }
      },
      "Microsoft.AspNetCore.CookiePolicy": {
        "type": "Transitive",
        "resolved": "2.3.0",
        "contentHash": "qt9einpfocg8RNK0zA6jCZy03QOhdDmjDFDN0OrlgfqWd3DYtIXCIKyzYKwDZ8IH2Yzam+LKcRXikq9No4C2ag==",
        "dependencies": {
          "Microsoft.AspNetCore.Http": "2.3.0",
          "Microsoft.Extensions.Logging.Abstractions": "8.0.2",
          "Microsoft.Extensions.Options": "8.0.2"
        }
      },
      "Microsoft.AspNetCore.Http": {
        "type": "Transitive",
        "resolved": "2.3.0",
        "contentHash": "I9azEG2tZ4DDHAFgv+N38e6Yhttvf+QjE2j2UYyCACE7Swm5/0uoihCMWZ87oOZYeqiEFSxbsfpT71OYHe2tpw==",
        "dependencies": {
          "Microsoft.AspNetCore.Http.Abstractions": "2.3.0",
          "Microsoft.AspNetCore.WebUtilities": "2.3.0",
          "Microsoft.Extensions.ObjectPool": "8.0.11",
          "Microsoft.Extensions.Options": "8.0.2",
          "Microsoft.Net.Http.Headers": "2.3.0"
        }
      },
      "Microsoft.AspNetCore.Http.Abstractions": {
        "type": "Transitive",
        "resolved": "2.3.0",
        "contentHash": "39r9PPrjA6s0blyFv5qarckjNkaHRA5B+3b53ybuGGNTXEj1/DStQJ4NWjFL6QTRQpL9zt7nDyKxZdJOlcnq+Q==",
        "dependencies": {
          "Microsoft.AspNetCore.Http.Features": "2.3.0",
          "System.Text.Encodings.Web": "8.0.0"
        }
      },
      "Microsoft.AspNetCore.Http.Features": {
        "type": "Transitive",
        "resolved": "2.3.0",
        "contentHash": "f10WUgcsKqrkmnz6gt8HeZ7kyKjYN30PO7cSic1lPtH7paPtnQqXPOveul/SIPI43PhRD4trttg4ywnrEmmJpA==",
        "dependencies": {
          "Microsoft.Extensions.Primitives": "8.0.0"
        }
      },
      "Microsoft.AspNetCore.WebUtilities": {
        "type": "Transitive",
        "resolved": "2.3.0",
        "contentHash": "trbXdWzoAEUVd0PE2yTopkz4kjZaAIA7xUWekd5uBw+7xE8Do/YOVTeb9d9koPTlbtZT539aESJjSLSqD8eYrQ==",
        "dependencies": {
          "Microsoft.Net.Http.Headers": "2.3.0",
          "System.Text.Encodings.Web": "8.0.0"
        }
      },
      "Microsoft.Extensions.DependencyInjection.Abstractions": {
        "type": "Transitive",
        "resolved": "8.0.2",
        "contentHash": "3iE7UF7MQkCv1cxzCahz+Y/guQbTqieyxyaWKhrRO91itI9cOKO76OHeQDahqG4MmW5umr3CcCvGmK92lWNlbg=="
      },
      "Microsoft.Extensions.Logging.Abstractions": {
        "type": "Transitive",
        "resolved": "8.0.2",
        "contentHash": "nroMDjS7hNBPtkZqVBbSiQaQjWRDxITI8Y7XnDs97rqG3EbzVTNLZQf7bIeUJcaHOV8bca47s1Uxq94+2oGdxA==",
        "dependencies": {
          "Microsoft.Extensions.DependencyInjection.Abstractions": "8.0.2"
        }
      },
      "Microsoft.Extensions.ObjectPool": {
        "type": "Transitive",
        "resolved": "8.0.11",
        "contentHash": "6ApKcHNJigXBfZa6XlDQ8feJpq7SG1ogZXg6M4FiNzgd6irs3LUAzo0Pfn4F2ZI9liGnH1XIBR/OtSbZmJAV5w=="
      },
      "Microsoft.Extensions.Options": {
        "type": "Transitive",
        "resolved": "8.0.2",
        "contentHash": "dWGKvhFybsaZpGmzkGCbNNwBD1rVlWzrZKANLW/CcbFJpCEceMCGzT7zZwHOGBCbwM0SzBuceMj5HN1LKV1QqA==",
        "dependencies": {
          "Microsoft.Extensions.DependencyInjection.Abstractions": "8.0.0",
          "Microsoft.Extensions.Primitives": "8.0.0"
        }
      },
      "Microsoft.Extensions.Primitives": {
        "type": "Transitive",
        "resolved": "8.0.0",
        "contentHash": "bXJEZrW9ny8vjMF1JV253WeLhpEVzFo1lyaZu1vQ4ZxWUlVvknZ/+ftFgVheLubb4eZPSwwxBeqS1JkCOjxd8g=="
      },
      "Microsoft.IO.RecyclableMemoryStream": {
        "type": "Transitive",
        "resolved": "3.0.1",
        "contentHash": "s/s20YTVY9r9TPfTrN5g8zPF1YhwxyqO6PxUkrYTGI2B+OGPe9AdajWZrLhFqXIvqIW23fnUE4+ztrUWNU1+9g=="
      },
      "Microsoft.Net.Http.Headers": {
        "type": "Transitive",
        "resolved": "2.3.0",
        "contentHash": "/M0wVg6tJUOHutWD3BMOUVZAioJVXe0tCpFiovzv0T9T12TBf4MnaHP0efO8TCr1a6O9RZgQeZ9Gdark8L9XdA==",
        "dependencies": {
          "Microsoft.Extensions.Primitives": "8.0.0",
          "System.Buffers": "4.6.0"
        }
      },
      "NetEscapades.AspNetCore.SecurityHeaders": {
        "type": "Transitive",
        "resolved": "1.1.0",
        "contentHash": "Dahf4QPaYL50lunJnA7js6tZ6gfY630SH6Xx8wBXSP9k5OcOR1Q+KcOpG4P0U7KvBVruVQv1iS1Rrqt4kDw4sQ=="
      },
      "OrchardCore.Abstractions": {
        "type": "Transitive",
        "resolved": "2.1.7",
        "contentHash": "b4nlMWRzGzm2JrpYhrN7hnSv7Es0scQsg9aCKKN9dh7qy2cyIWQGT1cfW6GzFXOYjjWMOKtwaFFMEWpwezcg/Q==",
        "dependencies": {
          "JsonPath.Net": "1.1.6",
          "Microsoft.IO.RecyclableMemoryStream": "3.0.1",
          "ZString": "2.6.0"
        }
      },
      "System.Buffers": {
        "type": "Transitive",
        "resolved": "4.6.0",
        "contentHash": "lN6tZi7Q46zFzAbRYXTIvfXcyvQQgxnY7Xm6C6xQ9784dEL1amjM6S6Iw4ZpsvesAKnRVsM4scrDQaDqSClkjA=="
      },
      "System.Text.Encodings.Web": {
        "type": "Transitive",
        "resolved": "9.0.5",
        "contentHash": "HJPmqP2FsE+WVUUlTsZ4IFRSyzw40yz0ubiTnsaqm+Xo5fFZhVRvx6Zn8tLXj92/6pbre6OA4QL2A2vnCSKxJA=="
      },
      "ZString": {
        "type": "Transitive",
        "resolved": "2.6.0",
        "contentHash": "XE8a+11nZg0LRaf+RGABEWaHIf8yGd5w8v/Ra1iWxMBmAVzwuKbW7G21mS0U7w7sh1lYcgckInWGgnz4qyET8A=="
      },
      "Brickmakers.AspSecurityHeaders": {
        "type": "Project",
        "dependencies": {
          "Microsoft.AspNetCore.CookiePolicy": "[2.3.0, )",
          "Microsoft.AspNetCore.Http.Abstractions": "[2.3.0, )",
          "NetEscapades.AspNetCore.SecurityHeaders": "[1.1.0, )",
          "System.Text.Encodings.Web": "[9.0.5, )"
        }
      }
    },
    "net9.0": {
      "OrchardCore.Module.Targets": {
        "type": "Direct",
        "requested": "[2.1.7, )",
        "resolved": "2.1.7",
        "contentHash": "/kggoTnOUms/YTG/dFQVOScAFXCbpWwlI4ndYI7T3OFvPGkUAVCrKes5ZsXPwDACp8XEeup6yk+xiyBL+B1uwA==",
        "dependencies": {
          "JsonPath.Net": "1.1.6",
          "Microsoft.IO.RecyclableMemoryStream": "3.0.1",
          "OrchardCore.Abstractions": "2.1.7",
          "ZString": "2.6.0"
        }
      },
      "Json.More.Net": {
        "type": "Transitive",
        "resolved": "2.0.2",
        "contentHash": "izscdjjk8EAHDBCjyz7V7n77SzkrSjh/hUGV6cyR6PlVdjYDh5ohc8yqvwSqJ9+6Uof8W6B24dIHlDKD+I1F8A=="
      },
      "JsonPath.Net": {
        "type": "Transitive",
        "resolved": "1.1.6",
        "contentHash": "FQLbFJdjIa70GdYGR3RpdGkLTMZwQCqcd8gC35yx6aGofVEP3QxMvSuXHn75N30jj9SS6yvsPPTDzJmPMt/Mdw==",
        "dependencies": {
          "Json.More.Net": "2.0.2"
        }
      },
      "Microsoft.AspNetCore.CookiePolicy": {
        "type": "Transitive",
        "resolved": "2.3.0",
        "contentHash": "qt9einpfocg8RNK0zA6jCZy03QOhdDmjDFDN0OrlgfqWd3DYtIXCIKyzYKwDZ8IH2Yzam+LKcRXikq9No4C2ag==",
        "dependencies": {
          "Microsoft.AspNetCore.Http": "2.3.0",
          "Microsoft.Extensions.Logging.Abstractions": "8.0.2",
          "Microsoft.Extensions.Options": "8.0.2"
        }
      },
      "Microsoft.AspNetCore.Http": {
        "type": "Transitive",
        "resolved": "2.3.0",
        "contentHash": "I9azEG2tZ4DDHAFgv+N38e6Yhttvf+QjE2j2UYyCACE7Swm5/0uoihCMWZ87oOZYeqiEFSxbsfpT71OYHe2tpw==",
        "dependencies": {
          "Microsoft.AspNetCore.Http.Abstractions": "2.3.0",
          "Microsoft.AspNetCore.WebUtilities": "2.3.0",
          "Microsoft.Extensions.ObjectPool": "8.0.11",
          "Microsoft.Extensions.Options": "8.0.2",
          "Microsoft.Net.Http.Headers": "2.3.0"
        }
      },
      "Microsoft.AspNetCore.Http.Abstractions": {
        "type": "Transitive",
        "resolved": "2.3.0",
        "contentHash": "39r9PPrjA6s0blyFv5qarckjNkaHRA5B+3b53ybuGGNTXEj1/DStQJ4NWjFL6QTRQpL9zt7nDyKxZdJOlcnq+Q==",
        "dependencies": {
          "Microsoft.AspNetCore.Http.Features": "2.3.0",
          "System.Text.Encodings.Web": "8.0.0"
        }
      },
      "Microsoft.AspNetCore.Http.Features": {
        "type": "Transitive",
        "resolved": "2.3.0",
        "contentHash": "f10WUgcsKqrkmnz6gt8HeZ7kyKjYN30PO7cSic1lPtH7paPtnQqXPOveul/SIPI43PhRD4trttg4ywnrEmmJpA==",
        "dependencies": {
          "Microsoft.Extensions.Primitives": "8.0.0"
        }
      },
      "Microsoft.AspNetCore.WebUtilities": {
        "type": "Transitive",
        "resolved": "2.3.0",
        "contentHash": "trbXdWzoAEUVd0PE2yTopkz4kjZaAIA7xUWekd5uBw+7xE8Do/YOVTeb9d9koPTlbtZT539aESJjSLSqD8eYrQ==",
        "dependencies": {
          "Microsoft.Net.Http.Headers": "2.3.0",
          "System.Text.Encodings.Web": "8.0.0"
        }
      },
      "Microsoft.Extensions.DependencyInjection.Abstractions": {
        "type": "Transitive",
        "resolved": "8.0.2",
        "contentHash": "3iE7UF7MQkCv1cxzCahz+Y/guQbTqieyxyaWKhrRO91itI9cOKO76OHeQDahqG4MmW5umr3CcCvGmK92lWNlbg=="
      },
      "Microsoft.Extensions.Logging.Abstractions": {
        "type": "Transitive",
        "resolved": "8.0.2",
        "contentHash": "nroMDjS7hNBPtkZqVBbSiQaQjWRDxITI8Y7XnDs97rqG3EbzVTNLZQf7bIeUJcaHOV8bca47s1Uxq94+2oGdxA==",
        "dependencies": {
          "Microsoft.Extensions.DependencyInjection.Abstractions": "8.0.2"
        }
      },
      "Microsoft.Extensions.ObjectPool": {
        "type": "Transitive",
        "resolved": "8.0.11",
        "contentHash": "6ApKcHNJigXBfZa6XlDQ8feJpq7SG1ogZXg6M4FiNzgd6irs3LUAzo0Pfn4F2ZI9liGnH1XIBR/OtSbZmJAV5w=="
      },
      "Microsoft.Extensions.Options": {
        "type": "Transitive",
        "resolved": "8.0.2",
        "contentHash": "dWGKvhFybsaZpGmzkGCbNNwBD1rVlWzrZKANLW/CcbFJpCEceMCGzT7zZwHOGBCbwM0SzBuceMj5HN1LKV1QqA==",
        "dependencies": {
          "Microsoft.Extensions.DependencyInjection.Abstractions": "8.0.0",
          "Microsoft.Extensions.Primitives": "8.0.0"
        }
      },
      "Microsoft.Extensions.Primitives": {
        "type": "Transitive",
        "resolved": "8.0.0",
        "contentHash": "bXJEZrW9ny8vjMF1JV253WeLhpEVzFo1lyaZu1vQ4ZxWUlVvknZ/+ftFgVheLubb4eZPSwwxBeqS1JkCOjxd8g=="
      },
      "Microsoft.IO.RecyclableMemoryStream": {
        "type": "Transitive",
        "resolved": "3.0.1",
        "contentHash": "s/s20YTVY9r9TPfTrN5g8zPF1YhwxyqO6PxUkrYTGI2B+OGPe9AdajWZrLhFqXIvqIW23fnUE4+ztrUWNU1+9g=="
      },
      "Microsoft.Net.Http.Headers": {
        "type": "Transitive",
        "resolved": "2.3.0",
        "contentHash": "/M0wVg6tJUOHutWD3BMOUVZAioJVXe0tCpFiovzv0T9T12TBf4MnaHP0efO8TCr1a6O9RZgQeZ9Gdark8L9XdA==",
        "dependencies": {
          "Microsoft.Extensions.Primitives": "8.0.0",
          "System.Buffers": "4.6.0"
        }
      },
      "NetEscapades.AspNetCore.SecurityHeaders": {
        "type": "Transitive",
        "resolved": "1.1.0",
        "contentHash": "Dahf4QPaYL50lunJnA7js6tZ6gfY630SH6Xx8wBXSP9k5OcOR1Q+KcOpG4P0U7KvBVruVQv1iS1Rrqt4kDw4sQ=="
      },
      "OrchardCore.Abstractions": {
        "type": "Transitive",
        "resolved": "2.1.7",
        "contentHash": "b4nlMWRzGzm2JrpYhrN7hnSv7Es0scQsg9aCKKN9dh7qy2cyIWQGT1cfW6GzFXOYjjWMOKtwaFFMEWpwezcg/Q==",
        "dependencies": {
          "JsonPath.Net": "1.1.6",
          "Microsoft.IO.RecyclableMemoryStream": "3.0.1",
          "ZString": "2.6.0"
        }
      },
      "System.Buffers": {
        "type": "Transitive",
        "resolved": "4.6.0",
        "contentHash": "lN6tZi7Q46zFzAbRYXTIvfXcyvQQgxnY7Xm6C6xQ9784dEL1amjM6S6Iw4ZpsvesAKnRVsM4scrDQaDqSClkjA=="
      },
      "System.Text.Encodings.Web": {
        "type": "Transitive",
        "resolved": "9.0.5",
        "contentHash": "HJPmqP2FsE+WVUUlTsZ4IFRSyzw40yz0ubiTnsaqm+Xo5fFZhVRvx6Zn8tLXj92/6pbre6OA4QL2A2vnCSKxJA=="
      },
      "ZString": {
        "type": "Transitive",
        "resolved": "2.6.0",
        "contentHash": "XE8a+11nZg0LRaf+RGABEWaHIf8yGd5w8v/Ra1iWxMBmAVzwuKbW7G21mS0U7w7sh1lYcgckInWGgnz4qyET8A=="
      },
      "Brickmakers.AspSecurityHeaders": {
        "type": "Project",
        "dependencies": {
          "Microsoft.AspNetCore.CookiePolicy": "[2.3.0, )",
          "Microsoft.AspNetCore.Http.Abstractions": "[2.3.0, )",
          "NetEscapades.AspNetCore.SecurityHeaders": "[1.1.0, )",
          "System.Text.Encodings.Web": "[9.0.5, )"
        }
      }
    }
  }
}