{
  "version": 1,
  "dependencies": {
    "net6.0": {
      "OrchardCore.Application.Mvc.Targets": {
        "type": "Direct",
        "requested": "[1.5.0, )",
        "resolved": "1.5.0",
        "contentHash": "0f72yzSlcg6DbaaezLPUCyv/JILGA6bxLHfT6o3i0I8vHzLk+stVHBuWcdx5fdSDSyYGbA6eGOIfY0V2TH0RKA==",
        "dependencies": {
          "OrchardCore.Application.Targets": "1.5.0",
          "OrchardCore.Mvc.Core": "1.5.0"
        }
      },
      "Microsoft.AspNetCore.CookiePolicy": {
        "type": "Transitive",
        "resolved": "2.2.8",
        "contentHash": "71BSJnZquxKXyqvC8CRPVZz+WqIxpzwNZWPMAxDdINWAMAXjXFi53bIiVW2+uiSypyIavECkt1ty/V12Yc1vnw==",
        "dependencies": {
          "Microsoft.AspNetCore.Http": "2.2.0",
          "Microsoft.Extensions.Logging.Abstractions": "2.2.0",
          "Microsoft.Extensions.Options": "2.2.0"
        }
      },
      "Microsoft.AspNetCore.Http": {
        "type": "Transitive",
        "resolved": "2.2.0",
        "contentHash": "YogBSMotWPAS/X5967pZ+yyWPQkThxhmzAwyCHCSSldzYBkW5W5d6oPfBaPqQOnSHYTpSOSOkpZoAce0vwb6+A==",
        "dependencies": {
          "Microsoft.AspNetCore.Http.Abstractions": "2.2.0",
          "Microsoft.AspNetCore.WebUtilities": "2.2.0",
          "Microsoft.Extensions.ObjectPool": "2.2.0",
          "Microsoft.Extensions.Options": "2.2.0",
          "Microsoft.Net.Http.Headers": "2.2.0"
        }
      },
      "Microsoft.AspNetCore.Http.Abstractions": {
        "type": "Transitive",
        "resolved": "2.2.0",
        "contentHash": "Nxs7Z1q3f1STfLYKJSVXCs1iBl+Ya6E8o4Oy1bCxJ/rNI44E/0f6tbsrVqAWfB7jlnJfyaAtIalBVxPKUPQb4Q==",
        "dependencies": {
          "Microsoft.AspNetCore.Http.Features": "2.2.0",
          "System.Text.Encodings.Web": "4.5.0"
        }
      },
      "Microsoft.AspNetCore.Http.Features": {
        "type": "Transitive",
        "resolved": "2.2.0",
        "contentHash": "ziFz5zH8f33En4dX81LW84I6XrYXKf9jg6aM39cM+LffN9KJahViKZ61dGMSO2gd3e+qe5yBRwsesvyqlZaSMg==",
        "dependencies": {
          "Microsoft.Extensions.Primitives": "2.2.0"
        }
      },
      "Microsoft.AspNetCore.JsonPatch": {
        "type": "Transitive",
        "resolved": "6.0.10",
        "contentHash": "d/TRLC4nrlkMZChda9swuv1zKn33yXVxy5xz6CEaSPelpiLQXV5oCjN5zot6MF4TGDuf5N2px75j2rUghkkW6Q==",
        "dependencies": {
          "Microsoft.CSharp": "4.7.0",
          "Newtonsoft.Json": "13.0.1"
        }
      },
      "Microsoft.AspNetCore.Mvc.NewtonsoftJson": {
        "type": "Transitive",
        "resolved": "6.0.10",
        "contentHash": "ok09jxzJ57s63dQtzlMGPAo4w3pTR3zZoNp0bTT0J4rKJgoJz8uhBHzr6PeCnRNWAOu0nm0b1irg5LhSDwEOBQ==",
        "dependencies": {
          "Microsoft.AspNetCore.JsonPatch": "6.0.10",
          "Newtonsoft.Json": "13.0.1",
          "Newtonsoft.Json.Bson": "1.0.2"
        }
      },
      "Microsoft.AspNetCore.Mvc.Razor.Extensions": {
        "type": "Transitive",
        "resolved": "6.0.10",
        "contentHash": "Zdu9WF1k+nWLC4oP0VpKdiV3mj3evySdKeOMGn6kjBfmL0bVQ7kGdsFi37IYgHxIf3L3xoubmMeds7zhZI9VYw==",
        "dependencies": {
          "Microsoft.AspNetCore.Razor.Language": "6.0.10",
          "Microsoft.CodeAnalysis.Razor": "6.0.10"
        }
      },
      "Microsoft.AspNetCore.Mvc.Razor.RuntimeCompilation": {
        "type": "Transitive",
        "resolved": "6.0.10",
        "contentHash": "gEZdQRIYVzn80mvKlO7cenyZewqw3tA50kEtCxEvoUxK/piA/MVdEfViymB7lnu4Z+JepIB5GGAt/GNeLhxRYQ==",
        "dependencies": {
          "Microsoft.AspNetCore.Mvc.Razor.Extensions": "6.0.10",
          "Microsoft.CodeAnalysis.Razor": "6.0.10",
          "Microsoft.Extensions.DependencyModel": "6.0.0"
        }
      },
      "Microsoft.AspNetCore.Razor.Language": {
        "type": "Transitive",
        "resolved": "6.0.10",
        "contentHash": "w4TWifY65oAWzC8VZfDeVrfzij/hnErcFTIPtLZx4yqRn4Pqvbh6RpWCb63BGVek3TuiCCslmNlzplQt9Qb/2g=="
      },
      "Microsoft.AspNetCore.WebUtilities": {
        "type": "Transitive",
        "resolved": "2.2.0",
        "contentHash": "9ErxAAKaDzxXASB/b5uLEkLgUWv1QbeVxyJYEHQwMaxXOeFFVkQxiq8RyfVcifLU7NR0QY0p3acqx4ZpYfhHDg==",
        "dependencies": {
          "Microsoft.Net.Http.Headers": "2.2.0",
          "System.Text.Encodings.Web": "4.5.0"
        }
      },
      "Microsoft.CodeAnalysis.Analyzers": {
        "type": "Transitive",
        "resolved": "3.3.2",
        "contentHash": "7xt6zTlIEizUgEsYAIgm37EbdkiMmr6fP6J9pDoKEpiGM4pi32BCPGr/IczmSJI9Zzp0a6HOzpr9OvpMP+2veA=="
      },
      "Microsoft.CodeAnalysis.Common": {
        "type": "Transitive",
        "resolved": "4.0.0",
        "contentHash": "d02ybMhUJl1r/dI6SkJPHrTiTzXBYCZeJdOLMckV+jyoMU/GGkjqFX/sRbv1K0QmlpwwKuLTiYVQvfYC+8ox2g==",
        "dependencies": {
          "Microsoft.CodeAnalysis.Analyzers": "3.3.2",
          "System.Collections.Immutable": "5.0.0",
          "System.Memory": "4.5.4",
          "System.Reflection.Metadata": "5.0.0",
          "System.Runtime.CompilerServices.Unsafe": "5.0.0",
          "System.Text.Encoding.CodePages": "4.5.1",
          "System.Threading.Tasks.Extensions": "4.5.4"
        }
      },
      "Microsoft.CodeAnalysis.CSharp": {
        "type": "Transitive",
        "resolved": "4.0.0",
        "contentHash": "2UVTGtyQGgTCazvnT6t82f+7AV2L+kqJdyb61rT9GQed4yK+tVh5IkaKcsm70VqyZQhBbDqsfZFNHnY65xhrRw==",
        "dependencies": {
          "Microsoft.CodeAnalysis.Common": "[4.0.0]"
        }
      },
      "Microsoft.CodeAnalysis.Razor": {
        "type": "Transitive",
        "resolved": "6.0.10",
        "contentHash": "OAY28ZVkanjJKDtHYy8c22UGVC8sDqIdK+//mljcpb/TZrs8CyiiJMEBAoPriLFMmAUo4CvzwABKy1CI0904Ew==",
        "dependencies": {
          "Microsoft.AspNetCore.Razor.Language": "6.0.10",
          "Microsoft.CodeAnalysis.CSharp": "4.0.0",
          "Microsoft.CodeAnalysis.Common": "4.0.0"
        }
      },
      "Microsoft.CSharp": {
        "type": "Transitive",
        "resolved": "4.7.0",
        "contentHash": "pTj+D3uJWyN3My70i2Hqo+OXixq3Os2D1nJ2x92FFo6sk8fYS1m1WLNTs0Dc1uPaViH0YvEEwvzddQ7y4rhXmA=="
      },
      "Microsoft.Extensions.DependencyInjection.Abstractions": {
        "type": "Transitive",
        "resolved": "2.2.0",
        "contentHash": "f9hstgjVmr6rmrfGSpfsVOl2irKAgr1QjrSi3FgnS7kulxband50f2brRLwySAQTADPZeTdow0mpSMcoAdadCw=="
      },
      "Microsoft.Extensions.DependencyModel": {
        "type": "Transitive",
        "resolved": "6.0.0",
        "contentHash": "TD5QHg98m3+QhgEV1YVoNMl5KtBw/4rjfxLHO0e/YV9bPUBDKntApP4xdrVtGgCeQZHVfC2EXIGsdpRNrr87Pg==",
        "dependencies": {
          "System.Buffers": "4.5.1",
          "System.Memory": "4.5.4",
          "System.Runtime.CompilerServices.Unsafe": "6.0.0",
          "System.Text.Encodings.Web": "6.0.0",
          "System.Text.Json": "6.0.0"
        }
      },
      "Microsoft.Extensions.Logging.Abstractions": {
        "type": "Transitive",
        "resolved": "2.2.0",
        "contentHash": "B2WqEox8o+4KUOpL7rZPyh6qYjik8tHi2tN8Z9jZkHzED8ElYgZa/h6K+xliB435SqUcWT290Fr2aa8BtZjn8A=="
      },
      "Microsoft.Extensions.ObjectPool": {
        "type": "Transitive",
        "resolved": "2.2.0",
        "contentHash": "gA8H7uQOnM5gb+L0uTNjViHYr+hRDqCdfugheGo/MxQnuHzmhhzCBTIPm19qL1z1Xe0NEMabfcOBGv9QghlZ8g=="
      },
      "Microsoft.Extensions.Options": {
        "type": "Transitive",
        "resolved": "2.2.0",
        "contentHash": "UpZLNLBpIZ0GTebShui7xXYh6DmBHjWM8NxGxZbdQh/bPZ5e6YswqI+bru6BnEL5eWiOdodsXtEz3FROcgi/qg==",
        "dependencies": {
          "Microsoft.Extensions.DependencyInjection.Abstractions": "2.2.0",
          "Microsoft.Extensions.Primitives": "2.2.0",
          "System.ComponentModel.Annotations": "4.5.0"
        }
      },
      "Microsoft.Extensions.Primitives": {
        "type": "Transitive",
        "resolved": "2.2.0",
        "contentHash": "azyQtqbm4fSaDzZHD/J+V6oWMFaf2tWP4WEGIYePLCMw3+b2RQdj9ybgbQyjCshcitQKQ4lEDOZjmSlTTrHxUg==",
        "dependencies": {
          "System.Memory": "4.5.1",
          "System.Runtime.CompilerServices.Unsafe": "4.5.1"
        }
      },
      "Microsoft.Net.Http.Headers": {
        "type": "Transitive",
        "resolved": "2.2.0",
        "contentHash": "iZNkjYqlo8sIOI0bQfpsSoMTmB/kyvmV2h225ihyZT33aTp48ZpF6qYnXxzSXmHt8DpBAwBTX+1s1UFLbYfZKg==",
        "dependencies": {
          "Microsoft.Extensions.Primitives": "2.2.0",
          "System.Buffers": "4.5.0"
        }
      },
      "Microsoft.NETCore.Platforms": {
        "type": "Transitive",
        "resolved": "2.1.2",
        "contentHash": "mOJy3M0UN+LUG21dLGMxaWZEP6xYpQEpLuvuEQBaownaX4YuhH6NmNUlN9si+vNkAS6dwJ//N1O4DmLf2CikVg=="
      },
      "NCrontab": {
        "type": "Transitive",
        "resolved": "3.3.1",
        "contentHash": "G3tzcIIgsiyZyVbHNPyn5+adaM9UjeVNgjrRsvXU7wo2sMhpvpQrir29dcjIND53H/fuTdgg9nI3SfFFg7barA=="
      },
      "NetEscapades.AspNetCore.SecurityHeaders": {
        "type": "Transitive",
        "resolved": "0.18.0",
        "contentHash": "4NZkEL4EIez1ZdlnkGf2Bnc30FyrGeEVY1Kis1nc/rsc3kN6yE6wy9zqQgKbLvlnpc5pYSdZZBsI24I2rFBPww=="
      },
      "Newtonsoft.Json": {
        "type": "Transitive",
        "resolved": "13.0.1",
        "contentHash": "ppPFpBcvxdsfUonNcvITKqLl3bqxWbDCZIzDWHzjpdAHRFfZe0Dw9HmA0+za13IdyrgJwpkDTDA9fHaxOrt20A=="
      },
      "Newtonsoft.Json.Bson": {
        "type": "Transitive",
        "resolved": "1.0.2",
        "contentHash": "QYFyxhaABwmq3p/21VrZNYvCg3DaEoN/wUuw5nmfAf0X3HLjgupwhkEWdgfb9nvGAUIv3osmZoD3kKl4jxEmYQ==",
        "dependencies": {
          "Newtonsoft.Json": "12.0.1"
        }
      },
      "NodaTime": {
        "type": "Transitive",
        "resolved": "3.1.5",
        "contentHash": "z+mbQdY9mHL+JpW7WDImN9debJhqORy5jOdFnKOTeDQzwXMSEnjXE4f+UVdKnPabSLABzWz+nKz+7uUXK2Sq6Q==",
        "dependencies": {
          "System.Runtime.CompilerServices.Unsafe": "4.7.1"
        }
      },
      "OrchardCore": {
        "type": "Transitive",
        "resolved": "1.5.0",
        "contentHash": "QP/yTUGLTmWTkZ4ceLyWOhFAVrfouIiUQBYh6a2SnxdFGIjCGplBEh8o+oN/8GMpWGlcPpF9y1TCkzPkzL3X6Q==",
        "dependencies": {
          "NodaTime": "3.1.5",
          "OrchardCore.Abstractions": "1.5.0",
          "OrchardCore.Infrastructure.Abstractions": "1.5.0",
          "OrchardCore.Localization.Abstractions": "1.5.0",
          "ncrontab": "3.3.1"
        }
      },
      "OrchardCore.Abstractions": {
        "type": "Transitive",
        "resolved": "1.5.0",
        "contentHash": "payx/uLXygJYzzaBFynOE3dNRPsNCPXdJlkD+/XiTG+yHL8z5UG4H7fyIaGPiE+mMRSBl8M4PbMC35cKZMVn9g==",
        "dependencies": {
          "Newtonsoft.Json": "13.0.1",
          "ZString": "2.5.0"
        }
      },
      "OrchardCore.Application.Targets": {
        "type": "Transitive",
        "resolved": "1.5.0",
        "contentHash": "zhbZUPA2KOQ16dCJXXpPltCoFwRIewkI7LAweM/e994/XoWsmv7gSld/9rzrEfLpglMV06BNm7bDwVdnaigQww==",
        "dependencies": {
          "OrchardCore": "1.5.0"
        }
      },
      "OrchardCore.Data.Abstractions": {
        "type": "Transitive",
        "resolved": "1.5.0",
        "contentHash": "/9xkuaqlSt5wdZeLgJJ5WLkaoTNjletdahPd4PQlPC3SH8Lju+RrHfg1yaC8+O/QvR+il9AjX/6Qo3qE5pSkHA==",
        "dependencies": {
          "OrchardCore.Queries.Abstractions": "1.5.0"
        }
      },
      "OrchardCore.DisplayManagement.Abstractions": {
        "type": "Transitive",
        "resolved": "1.5.0",
        "contentHash": "NzwL17Gx46J4s7KDOb+WOBwstaWQpfS7oFvCU6MuroFJH7ymdPlmNgqU8Rl5Q4T+IbC6Oc8ES+gFGABLVn3OqA=="
      },
      "OrchardCore.Infrastructure.Abstractions": {
        "type": "Transitive",
        "resolved": "1.5.0",
        "contentHash": "Zi3k7E/u3Pq5u64Hkrl/zztJQui05CQmCO0+R8e7hvxNW+ZdH/qBQvbBL3oFK36mmWkhc8QBCgZMWumsSZ1FaQ==",
        "dependencies": {
          "OrchardCore.Abstractions": "1.5.0",
          "OrchardCore.Data.Abstractions": "1.5.0",
          "OrchardCore.ResourceManagement.Abstractions": "1.5.0"
        }
      },
      "OrchardCore.Localization.Abstractions": {
        "type": "Transitive",
        "resolved": "1.5.0",
        "contentHash": "hiGu3jxdkUQIygPGXUT2RGbol3ZnoQDbUcystyQ6sBIK+qBPkB5ELV7ZIVQYM/hSDMSQ5ho5eYHpUEdpZ5Ff5A=="
      },
      "OrchardCore.Module.Targets": {
        "type": "Transitive",
        "resolved": "1.5.0",
        "contentHash": "YLzdbkzK5RvsfjxC34r74Qhsfubr6dME3GXCLQ0KvCwiCNYj2Ec0hlLh1EiHqlwXU3iGqXowFK/v0BXeuG6Q6A==",
        "dependencies": {
          "OrchardCore.Abstractions": "1.5.0"
        }
      },
      "OrchardCore.Mvc.Core": {
        "type": "Transitive",
        "resolved": "1.5.0",
        "contentHash": "tm5uSPOi+vzh/nbd+Rin9bMUbDPbvYGm/QnE8xvnEhebCS2Bz8waTLi7MLDMAuuiXPQTVqMgzEfDZwS5mbg6qg==",
        "dependencies": {
          "Microsoft.AspNetCore.Mvc.NewtonsoftJson": "6.0.10",
          "Microsoft.AspNetCore.Mvc.Razor.RuntimeCompilation": "6.0.10",
          "OrchardCore.Abstractions": "1.5.0",
          "OrchardCore.DisplayManagement.Abstractions": "1.5.0"
        }
      },
      "OrchardCore.Queries.Abstractions": {
        "type": "Transitive",
        "resolved": "1.5.0",
        "contentHash": "1QMozHd/TmmbChR22lVlC/KrmtaKfne+qrGv5Ds+GDvndnxh6pUXD92IAW56rAGoMJSb1eVLNIVpcxi+qc0r4g=="
      },
      "OrchardCore.ResourceManagement.Abstractions": {
        "type": "Transitive",
        "resolved": "1.5.0",
        "contentHash": "qvaUTNCTSjbihmRn9GT8r+ThkcUw0PBEcSXeZqB+wr34Ex0YUYDLn+qZ2RBJ1kwUJau85omDvJdzcQveZJSSSQ=="
      },
      "System.Buffers": {
        "type": "Transitive",
        "resolved": "4.5.1",
        "contentHash": "Rw7ijyl1qqRS0YQD/WycNst8hUUMgrMH4FCn1nNm27M4VxchZ1js3fVjQaANHO5f3sN4isvP4a+Met9Y4YomAg=="
      },
      "System.Collections.Immutable": {
        "type": "Transitive",
        "resolved": "5.0.0",
        "contentHash": "FXkLXiK0sVVewcso0imKQoOxjoPAj42R8HtjjbSjVPAzwDfzoyoznWxgA3c38LDbN9SJux1xXoXYAhz98j7r2g=="
      },
      "System.ComponentModel.Annotations": {
        "type": "Transitive",
        "resolved": "4.5.0",
        "contentHash": "UxYQ3FGUOtzJ7LfSdnYSFd7+oEv6M8NgUatatIN2HxNtDdlcvFAf+VIq4Of9cDMJEJC0aSRv/x898RYhB4Yppg=="
      },
      "System.Memory": {
        "type": "Transitive",
        "resolved": "4.5.4",
        "contentHash": "1MbJTHS1lZ4bS4FmsJjnuGJOu88ZzTT2rLvrhW7Ygic+pC0NWA+3hgAen0HRdsocuQXCkUTdFn9yHJJhsijDXw=="
      },
      "System.Reflection.Metadata": {
        "type": "Transitive",
        "resolved": "5.0.0",
        "contentHash": "5NecZgXktdGg34rh1OenY1rFNDCI8xSjFr+Z4OU4cU06AQHUdRnIIEeWENu3Wl4YowbzkymAIMvi3WyK9U53pQ=="
      },
      "System.Runtime.CompilerServices.Unsafe": {
        "type": "Transitive",
        "resolved": "6.0.0",
        "contentHash": "/iUeP3tq1S0XdNNoMz5C9twLSrM/TH+qElHkXWaPvuNOt+99G75NrV0OS2EqHx5wMN7popYjpc8oTjC1y16DLg=="
      },
      "System.Text.Encoding.CodePages": {
        "type": "Transitive",
        "resolved": "4.5.1",
        "contentHash": "4J2JQXbftjPMppIHJ7IC+VXQ9XfEagN92vZZNoG12i+zReYlim5dMoXFC1Zzg7tsnKDM7JPo5bYfFK4Jheq44w==",
        "dependencies": {
          "Microsoft.NETCore.Platforms": "2.1.2",
          "System.Runtime.CompilerServices.Unsafe": "4.5.2"
        }
      },
      "System.Text.Encodings.Web": {
        "type": "Transitive",
        "resolved": "6.0.0",
        "contentHash": "Vg8eB5Tawm1IFqj4TVK1czJX89rhFxJo9ELqc/Eiq0eXy13RK00eubyU6TJE6y+GQXjyV5gSfiewDUZjQgSE0w==",
        "dependencies": {
          "System.Runtime.CompilerServices.Unsafe": "6.0.0"
        }
      },
      "System.Text.Json": {
        "type": "Transitive",
        "resolved": "6.0.0",
        "contentHash": "zaJsHfESQvJ11vbXnNlkrR46IaMULk/gHxYsJphzSF+07kTjPHv+Oc14w6QEOfo3Q4hqLJgStUaYB9DBl0TmWg==",
        "dependencies": {
          "System.Runtime.CompilerServices.Unsafe": "6.0.0",
          "System.Text.Encodings.Web": "6.0.0"
        }
      },
      "System.Threading.Tasks.Extensions": {
        "type": "Transitive",
        "resolved": "4.5.4",
        "contentHash": "zteT+G8xuGu6mS+mzDzYXbzS7rd3K6Fjb9RiZlYlJPam2/hU7JCBZBVEcywNuR+oZ1ncTvc/cq0faRr3P01OVg=="
      },
      "ZString": {
        "type": "Transitive",
        "resolved": "2.5.0",
        "contentHash": "xd503npIf5kAN8LAugMlOthWIPQGsyp/rvLxuPlTrHFf28YyYyDfsdLz1n3tvd+87PiAXZrJh0gtWulWtcBTGg==",
        "dependencies": {
          "System.Runtime.CompilerServices.Unsafe": "6.0.0"
        }
      },
      "Brickmakers.AspSecurityHeaders": {
        "type": "Project",
        "dependencies": {
          "Microsoft.AspNetCore.CookiePolicy": "[2.2.8, )",
          "Microsoft.AspNetCore.Http.Abstractions": "[2.2.0, )",
          "NetEscapades.AspNetCore.SecurityHeaders": "[0.18.0, )"
        }
      },
      "Brickmakers.AspSecurityHeaders.OrchardModule": {
        "type": "Project",
        "dependencies": {
          "Brickmakers.AspSecurityHeaders": "[2.2.1, )",
          "OrchardCore.Module.Targets": "[1.5.0, )"
        }
      }
    }
  }
}