{
  "version": 1,
  "dependencies": {
    "net8.0": {
      "Swashbuckle.AspNetCore": {
        "type": "Direct",
        "requested": "[9.0.4, )",
        "resolved": "9.0.4",
        "contentHash": "4hghaogMoS87Ivjj8s7aGuGsxrsjXZpjNvahLsN+zSLrZQcV8zQyiBweBd9AXC1sGkeNYb9/hbeS1EXrZ/hKjQ==",
        "dependencies": {
          "Microsoft.Extensions.ApiDescription.Server": "8.0.0",
          "Swashbuckle.AspNetCore.Swagger": "9.0.4",
          "Swashbuckle.AspNetCore.SwaggerGen": "9.0.4",
          "Swashbuckle.AspNetCore.SwaggerUI": "9.0.4"
        }
      },
      "Microsoft.AspNetCore.CookiePolicy": {
        "type": "Transitive",
        "resolved": "2.3.0",
        "contentHash": "qt9einpfocg8RNK0zA6jCZy03QOhdDmjDFDN0OrlgfqWd3DYtIXCIKyzYKwDZ8IH2Yzam+LKcRXikq9No4C2ag==",
        "dependencies": {
          "Microsoft.AspNetCore.Http": "2.3.0",
          "Microsoft.Extensions.Logging.Abstractions": "8.0.2",
          "Microsoft.Extensions.Options": "8.0.2"
        }
      },
      "Microsoft.AspNetCore.Http": {
        "type": "Transitive",
        "resolved": "2.3.0",
        "contentHash": "I9azEG2tZ4DDHAFgv+N38e6Yhttvf+QjE2j2UYyCACE7Swm5/0uoihCMWZ87oOZYeqiEFSxbsfpT71OYHe2tpw==",
        "dependencies": {
          "Microsoft.AspNetCore.Http.Abstractions": "2.3.0",
          "Microsoft.AspNetCore.WebUtilities": "2.3.0",
          "Microsoft.Extensions.ObjectPool": "8.0.11",
          "Microsoft.Extensions.Options": "8.0.2",
          "Microsoft.Net.Http.Headers": "2.3.0"
        }
      },
      "Microsoft.AspNetCore.Http.Abstractions": {
        "type": "Transitive",
        "resolved": "2.3.0",
        "contentHash": "39r9PPrjA6s0blyFv5qarckjNkaHRA5B+3b53ybuGGNTXEj1/DStQJ4NWjFL6QTRQpL9zt7nDyKxZdJOlcnq+Q==",
        "dependencies": {
          "Microsoft.AspNetCore.Http.Features": "2.3.0",
          "System.Text.Encodings.Web": "8.0.0"
        }
      },
      "Microsoft.AspNetCore.Http.Features": {
        "type": "Transitive",
        "resolved": "2.3.0",
        "contentHash": "f10WUgcsKqrkmnz6gt8HeZ7kyKjYN30PO7cSic1lPtH7paPtnQqXPOveul/SIPI43PhRD4trttg4ywnrEmmJpA==",
        "dependencies": {
          "Microsoft.Extensions.Primitives": "8.0.0"
        }
      },
      "Microsoft.AspNetCore.WebUtilities": {
        "type": "Transitive",
        "resolved": "2.3.0",
        "contentHash": "trbXdWzoAEUVd0PE2yTopkz4kjZaAIA7xUWekd5uBw+7xE8Do/YOVTeb9d9koPTlbtZT539aESJjSLSqD8eYrQ==",
        "dependencies": {
          "Microsoft.Net.Http.Headers": "2.3.0",
          "System.Text.Encodings.Web": "8.0.0"
        }
      },
      "Microsoft.Extensions.ApiDescription.Server": {
        "type": "Transitive",
        "resolved": "8.0.0",
        "contentHash": "jDM3a95WerM8g6IcMiBXq1qRS9dqmEUpgnCk2DeMWpPkYtp1ia+CkXabOnK93JmhVlUmv8l9WMPsCSUm+WqkIA=="
      },
      "Microsoft.Extensions.DependencyInjection.Abstractions": {
        "type": "Transitive",
        "resolved": "8.0.2",
        "contentHash": "3iE7UF7MQkCv1cxzCahz+Y/guQbTqieyxyaWKhrRO91itI9cOKO76OHeQDahqG4MmW5umr3CcCvGmK92lWNlbg=="
      },
      "Microsoft.Extensions.Logging.Abstractions": {
        "type": "Transitive",
        "resolved": "8.0.2",
        "contentHash": "nroMDjS7hNBPtkZqVBbSiQaQjWRDxITI8Y7XnDs97rqG3EbzVTNLZQf7bIeUJcaHOV8bca47s1Uxq94+2oGdxA==",
        "dependencies": {
          "Microsoft.Extensions.DependencyInjection.Abstractions": "8.0.2"
        }
      },
      "Microsoft.Extensions.ObjectPool": {
        "type": "Transitive",
        "resolved": "8.0.11",
        "contentHash": "6ApKcHNJigXBfZa6XlDQ8feJpq7SG1ogZXg6M4FiNzgd6irs3LUAzo0Pfn4F2ZI9liGnH1XIBR/OtSbZmJAV5w=="
      },
      "Microsoft.Extensions.Options": {
        "type": "Transitive",
        "resolved": "8.0.2",
        "contentHash": "dWGKvhFybsaZpGmzkGCbNNwBD1rVlWzrZKANLW/CcbFJpCEceMCGzT7zZwHOGBCbwM0SzBuceMj5HN1LKV1QqA==",
        "dependencies": {
          "Microsoft.Extensions.DependencyInjection.Abstractions": "8.0.0",
          "Microsoft.Extensions.Primitives": "8.0.0"
        }
      },
      "Microsoft.Extensions.Primitives": {
        "type": "Transitive",
        "resolved": "8.0.0",
        "contentHash": "bXJEZrW9ny8vjMF1JV253WeLhpEVzFo1lyaZu1vQ4ZxWUlVvknZ/+ftFgVheLubb4eZPSwwxBeqS1JkCOjxd8g=="
      },
      "Microsoft.Net.Http.Headers": {
        "type": "Transitive",
        "resolved": "2.3.0",
        "contentHash": "/M0wVg6tJUOHutWD3BMOUVZAioJVXe0tCpFiovzv0T9T12TBf4MnaHP0efO8TCr1a6O9RZgQeZ9Gdark8L9XdA==",
        "dependencies": {
          "Microsoft.Extensions.Primitives": "8.0.0",
          "System.Buffers": "4.6.0"
        }
      },
      "Microsoft.OpenApi": {
        "type": "Transitive",
        "resolved": "1.6.25",
        "contentHash": "ZahSqNGtNV7N0JBYS/IYXPkLVexL/AZFxo6pqxv6A7Uli7Q7zfitNjkaqIcsV73Ukzxi4IlJdyDgcQiMXiH8cw=="
      },
      "NetEscapades.AspNetCore.SecurityHeaders": {
        "type": "Transitive",
        "resolved": "1.1.0",
        "contentHash": "Dahf4QPaYL50lunJnA7js6tZ6gfY630SH6Xx8wBXSP9k5OcOR1Q+KcOpG4P0U7KvBVruVQv1iS1Rrqt4kDw4sQ=="
      },
      "Swashbuckle.AspNetCore.Swagger": {
        "type": "Transitive",
        "resolved": "9.0.4",
        "contentHash": "syU8U4Eg3DfhU+BBeDUh66erwDsYOhp82InXbrOsqWP3qoOfQbBtePcTetkLNanovYHYX40alZBE6gQQFtBZkQ==",
        "dependencies": {
          "Microsoft.OpenApi": "1.6.25"
        }
      },
      "Swashbuckle.AspNetCore.SwaggerGen": {
        "type": "Transitive",
        "resolved": "9.0.4",
        "contentHash": "GnCikaq7kagEckGGsrVnKl2icRQebyr14/7s3T/rQQO7edOIXkxtjTOJZqbazOxaTXBDCDdSInMiYbMQhFnE5Q==",
        "dependencies": {
          "Swashbuckle.AspNetCore.Swagger": "9.0.4"
        }
      },
      "Swashbuckle.AspNetCore.SwaggerUI": {
        "type": "Transitive",
        "resolved": "9.0.4",
        "contentHash": "2ugT2OvZsKHqk/2rMDmuqDuFmtix0NvzlXxAfnfHROVMTovbx7Z0UsOQHZa462DBTgdBFnR2Ss6wm4fypfymdA=="
      },
      "System.Buffers": {
        "type": "Transitive",
        "resolved": "4.6.0",
        "contentHash": "lN6tZi7Q46zFzAbRYXTIvfXcyvQQgxnY7Xm6C6xQ9784dEL1amjM6S6Iw4ZpsvesAKnRVsM4scrDQaDqSClkjA=="
      },
      "System.Text.Encodings.Web": {
        "type": "Transitive",
        "resolved": "9.0.7",
        "contentHash": "WswuKENaV4gC4ZYZi8BhehJHHRdyZQzXEYv/lV8DHW9FwkdnKaTutdRbK/S1wHZtKUUzzptBPAX2XOxdoURkMw=="
      },
      "Brickmakers.AspSecurityHeaders": {
        "type": "Project",
        "dependencies": {
          "Microsoft.AspNetCore.CookiePolicy": "[2.3.0, )",
          "Microsoft.AspNetCore.Http.Abstractions": "[2.3.0, )",
          "NetEscapades.AspNetCore.SecurityHeaders": "[1.1.0, )",
          "System.Text.Encodings.Web": "[9.0.7, )"
        }
      }
    },
    "net9.0": {
      "Swashbuckle.AspNetCore": {
        "type": "Direct",
        "requested": "[9.0.4, )",
        "resolved": "9.0.4",
        "contentHash": "4hghaogMoS87Ivjj8s7aGuGsxrsjXZpjNvahLsN+zSLrZQcV8zQyiBweBd9AXC1sGkeNYb9/hbeS1EXrZ/hKjQ==",
        "dependencies": {
          "Microsoft.Extensions.ApiDescription.Server": "9.0.0",
          "Swashbuckle.AspNetCore.Swagger": "9.0.4",
          "Swashbuckle.AspNetCore.SwaggerGen": "9.0.4",
          "Swashbuckle.AspNetCore.SwaggerUI": "9.0.4"
        }
      },
      "Microsoft.AspNetCore.CookiePolicy": {
        "type": "Transitive",
        "resolved": "2.3.0",
        "contentHash": "qt9einpfocg8RNK0zA6jCZy03QOhdDmjDFDN0OrlgfqWd3DYtIXCIKyzYKwDZ8IH2Yzam+LKcRXikq9No4C2ag==",
        "dependencies": {
          "Microsoft.AspNetCore.Http": "2.3.0",
          "Microsoft.Extensions.Logging.Abstractions": "8.0.2",
          "Microsoft.Extensions.Options": "8.0.2"
        }
      },
      "Microsoft.AspNetCore.Http": {
        "type": "Transitive",
        "resolved": "2.3.0",
        "contentHash": "I9azEG2tZ4DDHAFgv+N38e6Yhttvf+QjE2j2UYyCACE7Swm5/0uoihCMWZ87oOZYeqiEFSxbsfpT71OYHe2tpw==",
        "dependencies": {
          "Microsoft.AspNetCore.Http.Abstractions": "2.3.0",
          "Microsoft.AspNetCore.WebUtilities": "2.3.0",
          "Microsoft.Extensions.ObjectPool": "8.0.11",
          "Microsoft.Extensions.Options": "8.0.2",
          "Microsoft.Net.Http.Headers": "2.3.0"
        }
      },
      "Microsoft.AspNetCore.Http.Abstractions": {
        "type": "Transitive",
        "resolved": "2.3.0",
        "contentHash": "39r9PPrjA6s0blyFv5qarckjNkaHRA5B+3b53ybuGGNTXEj1/DStQJ4NWjFL6QTRQpL9zt7nDyKxZdJOlcnq+Q==",
        "dependencies": {
          "Microsoft.AspNetCore.Http.Features": "2.3.0",
          "System.Text.Encodings.Web": "8.0.0"
        }
      },
      "Microsoft.AspNetCore.Http.Features": {
        "type": "Transitive",
        "resolved": "2.3.0",
        "contentHash": "f10WUgcsKqrkmnz6gt8HeZ7kyKjYN30PO7cSic1lPtH7paPtnQqXPOveul/SIPI43PhRD4trttg4ywnrEmmJpA==",
        "dependencies": {
          "Microsoft.Extensions.Primitives": "8.0.0"
        }
      },
      "Microsoft.AspNetCore.WebUtilities": {
        "type": "Transitive",
        "resolved": "2.3.0",
        "contentHash": "trbXdWzoAEUVd0PE2yTopkz4kjZaAIA7xUWekd5uBw+7xE8Do/YOVTeb9d9koPTlbtZT539aESJjSLSqD8eYrQ==",
        "dependencies": {
          "Microsoft.Net.Http.Headers": "2.3.0",
          "System.Text.Encodings.Web": "8.0.0"
        }
      },
      "Microsoft.Extensions.ApiDescription.Server": {
        "type": "Transitive",
        "resolved": "9.0.0",
        "contentHash": "1Kzzf7pRey40VaUkHN9/uWxrKVkLu2AQjt+GVeeKLLpiEHAJ1xZRsLSh4ZZYEnyS7Kt2OBOPmsXNdU+wbcOl5w=="
      },
      "Microsoft.Extensions.DependencyInjection.Abstractions": {
        "type": "Transitive",
        "resolved": "8.0.2",
        "contentHash": "3iE7UF7MQkCv1cxzCahz+Y/guQbTqieyxyaWKhrRO91itI9cOKO76OHeQDahqG4MmW5umr3CcCvGmK92lWNlbg=="
      },
      "Microsoft.Extensions.Logging.Abstractions": {
        "type": "Transitive",
        "resolved": "8.0.2",
        "contentHash": "nroMDjS7hNBPtkZqVBbSiQaQjWRDxITI8Y7XnDs97rqG3EbzVTNLZQf7bIeUJcaHOV8bca47s1Uxq94+2oGdxA==",
        "dependencies": {
          "Microsoft.Extensions.DependencyInjection.Abstractions": "8.0.2"
        }
      },
      "Microsoft.Extensions.ObjectPool": {
        "type": "Transitive",
        "resolved": "8.0.11",
        "contentHash": "6ApKcHNJigXBfZa6XlDQ8feJpq7SG1ogZXg6M4FiNzgd6irs3LUAzo0Pfn4F2ZI9liGnH1XIBR/OtSbZmJAV5w=="
      },
      "Microsoft.Extensions.Options": {
        "type": "Transitive",
        "resolved": "8.0.2",
        "contentHash": "dWGKvhFybsaZpGmzkGCbNNwBD1rVlWzrZKANLW/CcbFJpCEceMCGzT7zZwHOGBCbwM0SzBuceMj5HN1LKV1QqA==",
        "dependencies": {
          "Microsoft.Extensions.DependencyInjection.Abstractions": "8.0.0",
          "Microsoft.Extensions.Primitives": "8.0.0"
        }
      },
      "Microsoft.Extensions.Primitives": {
        "type": "Transitive",
        "resolved": "8.0.0",
        "contentHash": "bXJEZrW9ny8vjMF1JV253WeLhpEVzFo1lyaZu1vQ4ZxWUlVvknZ/+ftFgVheLubb4eZPSwwxBeqS1JkCOjxd8g=="
      },
      "Microsoft.Net.Http.Headers": {
        "type": "Transitive",
        "resolved": "2.3.0",
        "contentHash": "/M0wVg6tJUOHutWD3BMOUVZAioJVXe0tCpFiovzv0T9T12TBf4MnaHP0efO8TCr1a6O9RZgQeZ9Gdark8L9XdA==",
        "dependencies": {
          "Microsoft.Extensions.Primitives": "8.0.0",
          "System.Buffers": "4.6.0"
        }
      },
      "Microsoft.OpenApi": {
        "type": "Transitive",
        "resolved": "1.6.25",
        "contentHash": "ZahSqNGtNV7N0JBYS/IYXPkLVexL/AZFxo6pqxv6A7Uli7Q7zfitNjkaqIcsV73Ukzxi4IlJdyDgcQiMXiH8cw=="
      },
      "NetEscapades.AspNetCore.SecurityHeaders": {
        "type": "Transitive",
        "resolved": "1.1.0",
        "contentHash": "Dahf4QPaYL50lunJnA7js6tZ6gfY630SH6Xx8wBXSP9k5OcOR1Q+KcOpG4P0U7KvBVruVQv1iS1Rrqt4kDw4sQ=="
      },
      "Swashbuckle.AspNetCore.Swagger": {
        "type": "Transitive",
        "resolved": "9.0.4",
        "contentHash": "syU8U4Eg3DfhU+BBeDUh66erwDsYOhp82InXbrOsqWP3qoOfQbBtePcTetkLNanovYHYX40alZBE6gQQFtBZkQ==",
        "dependencies": {
          "Microsoft.OpenApi": "1.6.25"
        }
      },
      "Swashbuckle.AspNetCore.SwaggerGen": {
        "type": "Transitive",
        "resolved": "9.0.4",
        "contentHash": "GnCikaq7kagEckGGsrVnKl2icRQebyr14/7s3T/rQQO7edOIXkxtjTOJZqbazOxaTXBDCDdSInMiYbMQhFnE5Q==",
        "dependencies": {
          "Swashbuckle.AspNetCore.Swagger": "9.0.4"
        }
      },
      "Swashbuckle.AspNetCore.SwaggerUI": {
        "type": "Transitive",
        "resolved": "9.0.4",
        "contentHash": "2ugT2OvZsKHqk/2rMDmuqDuFmtix0NvzlXxAfnfHROVMTovbx7Z0UsOQHZa462DBTgdBFnR2Ss6wm4fypfymdA=="
      },
      "System.Buffers": {
        "type": "Transitive",
        "resolved": "4.6.0",
        "contentHash": "lN6tZi7Q46zFzAbRYXTIvfXcyvQQgxnY7Xm6C6xQ9784dEL1amjM6S6Iw4ZpsvesAKnRVsM4scrDQaDqSClkjA=="
      },
      "System.Text.Encodings.Web": {
        "type": "Transitive",
        "resolved": "9.0.7",
        "contentHash": "WswuKENaV4gC4ZYZi8BhehJHHRdyZQzXEYv/lV8DHW9FwkdnKaTutdRbK/S1wHZtKUUzzptBPAX2XOxdoURkMw=="
      },
      "Brickmakers.AspSecurityHeaders": {
        "type": "Project",
        "dependencies": {
          "Microsoft.AspNetCore.CookiePolicy": "[2.3.0, )",
          "Microsoft.AspNetCore.Http.Abstractions": "[2.3.0, )",
          "NetEscapades.AspNetCore.SecurityHeaders": "[1.1.0, )",
          "System.Text.Encodings.Web": "[9.0.7, )"
        }
      }
    }
  }
}